
Microsoft Visual Studio Solution File, Format Version 12.00
# Visual Studio Version 17
VisualStudioVersion = 17.3.32901.215
MinimumVisualStudioVersion = 10.0.40219.1
Project("{FAE04EC0-301F-11D3-BF4B-00C04F79EFBC}") = "StackUsingSingleLinkList", "StackUsingSingleLinkList\StackUsingSingleLinkList.csproj", "{46C5E45D-8192-43C9-9B42-BD0BA823A349}"
EndProject
Global
	GlobalSection(SolutionConfigurationPlatforms) = preSolution
		Debug|Any CPU = Debug|Any CPU
		Release|Any CPU = Release|Any CPU
	EndGlobalSection
	GlobalSection(ProjectConfigurationPlatforms) = postSolution
		{46C5E45D-8192-43C9-9B42-BD0BA823A349}.Debug|Any CPU.ActiveCfg = Debug|Any CPU
		{46C5E45D-8192-43C9-9B42-BD0BA823A349}.Debug|Any CPU.Build.0 = Debug|Any CPU
		{46C5E45D-8192-43C9-9B42-BD0BA823A349}.Release|Any CPU.ActiveCfg = Release|Any CPU
		{46C5E45D-8192-43C9-9B42-BD0BA823A349}.Release|Any CPU.Build.0 = Release|Any CPU
	EndGlobalSection
	GlobalSection(SolutionProperties) = preSolution
		HideSolutionNode = FALSE
	EndGlobalSection
	GlobalSection(ExtensibilityGlobals) = postSolution
		SolutionGuid = {A40D9249-0CC1-4ED5-822F-A0E5B955BA84}
	EndGlobalSection
EndGlobal
